<?xml version="1.0" encoding="utf-8"?>
<Project ToolsVersion="4.0" xmlns="http://schemas.microsoft.com/developer/msbuild/2003">
  <ItemGroup>
    <Filter Include="Source Files">
      <UniqueIdentifier>{4FC737F1-C7A5-4376-A066-2A32D752A2FF}</UniqueIdentifier>
      <Extensions>cpp;c;cc;cxx;def;odl;idl;hpj;bat;asm;asmx</Extensions>
    </Filter>
    <Filter Include="Header Files">
      <UniqueIdentifier>{93995380-89BD-4b04-88EB-625FBE52EBFB}</UniqueIdentifier>
      <Extensions>h;hh;hpp;hxx;hm;inl;inc;xsd</Extensions>
    </Filter>
    <Filter Include="Resource Files">
      <UniqueIdentifier>{67DA6AB6-F800-4c08-8B7A-83BB121AAD01}</UniqueIdentifier>
      <Extensions>rc;ico;cur;bmp;dlg;rc2;rct;bin;rgs;gif;jpg;jpeg;jpe;resx;tiff;tif;png;wav;mfcribbon-ms</Extensions>
    </Filter>
  </ItemGroup>
  <ItemGroup>
    <ClInclude Include="src\UKSF\Modules\Data\Data.hpp">
      <Filter>Header Files</Filter>
    </ClInclude>
    <ClInclude Include="src\UKSF\UKSF.hpp">
      <Filter>Header Files</Filter>
    </ClInclude>
    <ClInclude Include="src\UKSF\Shared\Lockable.h">
      <Filter>Header Files</Filter>
    </ClInclude>
    <ClInclude Include="src\UKSF\Shared\Date.h">
      <Filter>Header Files</Filter>
    </ClInclude>
    <ClInclude Include="src\UKSF\Shared\EasyLogging.hpp">
      <Filter>Header Files</Filter>
    </ClInclude>
    <ClInclude Include="src\UKSF\Shared\Json.hpp">
      <Filter>Header Files</Filter>
    </ClInclude>
    <ClInclude Include="src\UKSF\Shared\Logging.hpp">
      <Filter>Header Files</Filter>
    </ClInclude>
    <ClInclude Include="src\UKSF\Shared\SignalSlot.hpp">
      <Filter>Header Files</Filter>
    </ClInclude>
    <ClInclude Include="src\UKSF\Shared\Singleton.hpp">
      <Filter>Header Files</Filter>
    </ClInclude>
    <ClInclude Include="src\UKSF\Shared\Threaded.hpp">
      <Filter>Header Files</Filter>
    </ClInclude>
    <ClInclude Include="src\UKSF\Modules\Common\Common.hpp">
      <Filter>Header Files</Filter>
    </ClInclude>
    <ClInclude Include="src\UKSF\Shared\Shared.hpp">
      <Filter>Header Files</Filter>
    </ClInclude>
    <ClInclude Include="src\UKSF\Modules\SharedComponent.hpp">
      <Filter>Header Files</Filter>
    </ClInclude>
    <ClInclude Include="src\UKSF\Shared\ClientMessage.h">
      <Filter>Header Files</Filter>
    </ClInclude>
    <ClInclude Include="src\UKSF\Shared\ServerMessage.h">
      <Filter>Header Files</Filter>
    </ClInclude>
    <ClInclude Include="src\UKSF\Shared\SignalrClient.h">
      <Filter>Header Files</Filter>
    </ClInclude>
    <ClInclude Include="src\UKSF\Shared\ProcedureEngine.h">
      <Filter>Header Files</Filter>
    </ClInclude>
    <ClInclude Include="src\UKSF\Shared\IProcedure.h">
      <Filter>Header Files</Filter>
    </ClInclude>
    <ClInclude Include="src\UKSF\Procedures\Shutdown.h">
      <Filter>Header Files</Filter>
    </ClInclude>
    <ClInclude Include="src\UKSF\Modules\Server\Server.h">
      <Filter>Header Files</Filter>
    </ClInclude>
  </ItemGroup>
  <ItemGroup>
    <ClCompile Include="src\UKSF\Main.cpp">
      <Filter>Source Files</Filter>
    </ClCompile>
    <ClCompile Include="src\UKSF\Modules\Data\Data.cpp">
      <Filter>Source Files</Filter>
    </ClCompile>
    <ClCompile Include="src\UKSF\UKSF.cpp">
      <Filter>Source Files</Filter>
    </ClCompile>
    <ClCompile Include="src\UKSF\Modules\Common\Common.cpp">
      <Filter>Source Files</Filter>
    </ClCompile>
    <ClCompile Include="src\UKSF\Shared\ClientMessage.cpp">
      <Filter>Source Files</Filter>
    </ClCompile>
    <ClCompile Include="src\UKSF\Shared\ServerMessage.cpp">
      <Filter>Source Files</Filter>
    </ClCompile>
    <ClCompile Include="src\UKSF\Shared\SignalrClient.cpp">
      <Filter>Source Files</Filter>
    </ClCompile>
    <ClCompile Include="src\UKSF\Shared\ProcedureEngine.cpp">
      <Filter>Source Files</Filter>
    </ClCompile>
    <ClCompile Include="src\UKSF\Modules\Server\Server.cpp">
      <Filter>Source Files</Filter>
    </ClCompile>
  </ItemGroup>
</Project>
