<?xml version="1.0" encoding="utf-8"?>
<Project ToolsVersion="4.0" xmlns="http://schemas.microsoft.com/developer/msbuild/2003">
  <ItemGroup>
    <Filter Include="Source Files">
      <UniqueIdentifier>{4FC737F1-C7A5-4376-A066-2A32D752A2FF}</UniqueIdentifier>
      <Extensions>cpp;c;cc;cxx;def;odl;idl;hpj;bat;asm;asmx</Extensions>
    </Filter>
    <Filter Include="Header Files">
      <UniqueIdentifier>{93995380-89BD-4b04-88EB-625FBE52EBFB}</UniqueIdentifier>
      <Extensions>h;hh;hpp;hxx;hm;inl;inc;xsd</Extensions>
    </Filter>
    <Filter Include="Resource Files">
      <UniqueIdentifier>{67DA6AB6-F800-4c08-8B7A-83BB121AAD01}</UniqueIdentifier>
      <Extensions>rc;ico;cur;bmp;dlg;rc2;rct;bin;rgs;gif;jpg;jpeg;jpe;resx;tiff;tif;png;wav;mfcribbon-ms</Extensions>
    </Filter>
  </ItemGroup>
  <ItemGroup>
    <ClInclude Include="src\uksf\modules\http\http.hpp">
      <Filter>Header Files</Filter>
    </ClInclude>
    <ClInclude Include="src\uksf\common.hpp">
      <Filter>Header Files</Filter>
    </ClInclude>
    <ClInclude Include="src\uksf\date.h">
      <Filter>Header Files</Filter>
    </ClInclude>
    <ClInclude Include="src\uksf\easyloggingc++.hpp">
      <Filter>Header Files</Filter>
    </ClInclude>
    <ClInclude Include="src\uksf\json.hpp">
      <Filter>Header Files</Filter>
    </ClInclude>
    <ClInclude Include="src\uksf\logging.hpp">
      <Filter>Header Files</Filter>
    </ClInclude>
    <ClInclude Include="src\uksf\modules\common_component.hpp">
      <Filter>Header Files</Filter>
    </ClInclude>
    <ClInclude Include="src\uksf\modules\data\data.hpp">
      <Filter>Header Files</Filter>
    </ClInclude>
    <ClInclude Include="src\uksf\network\exception.hpp">
      <Filter>Header Files</Filter>
    </ClInclude>
    <ClInclude Include="src\uksf\network\routeFactories\factory.hpp">
      <Filter>Header Files</Filter>
    </ClInclude>
    <ClInclude Include="src\uksf\network\routeFactories\resourceNotFound.hpp">
      <Filter>Header Files</Filter>
    </ClInclude>
    <ClInclude Include="src\uksf\network\routeFactories\resources\abstractResource.hpp">
      <Filter>Header Files</Filter>
    </ClInclude>
    <ClInclude Include="src\uksf\network\routeFactories\resources\server.hpp">
      <Filter>Header Files</Filter>
    </ClInclude>
    <ClInclude Include="src\uksf\network\routeFactories\resources\stop.hpp">
      <Filter>Header Files</Filter>
    </ClInclude>
    <ClInclude Include="src\uksf\network\router.hpp">
      <Filter>Header Files</Filter>
    </ClInclude>
    <ClInclude Include="src\uksf\signalslot.hpp">
      <Filter>Header Files</Filter>
    </ClInclude>
    <ClInclude Include="src\uksf\singleton.hpp">
      <Filter>Header Files</Filter>
    </ClInclude>
    <ClInclude Include="src\uksf\threaded.hpp">
      <Filter>Header Files</Filter>
    </ClInclude>
    <ClInclude Include="src\uksf\uksf.hpp">
      <Filter>Header Files</Filter>
    </ClInclude>
    <ClInclude Include="src\uksf\network\routeFactories\serverFactory.hpp">
      <Filter>Header Files</Filter>
    </ClInclude>
    <ClInclude Include="src\uksf\network\routeFactories\stopFactory.hpp">
      <Filter>Header Files</Filter>
    </ClInclude>
  </ItemGroup>
  <ItemGroup>
    <ClCompile Include="src\uksf\modules\http\http.cpp">
      <Filter>Source Files</Filter>
    </ClCompile>
    <ClCompile Include="src\uksf\common.cpp">
      <Filter>Source Files</Filter>
    </ClCompile>
    <ClCompile Include="src\uksf\main.cpp">
      <Filter>Source Files</Filter>
    </ClCompile>
    <ClCompile Include="src\uksf\modules\data\data.cpp">
      <Filter>Source Files</Filter>
    </ClCompile>
    <ClCompile Include="src\uksf\network\exception.cpp">
      <Filter>Source Files</Filter>
    </ClCompile>
    <ClCompile Include="src\uksf\network\routeFactories\factory.cpp">
      <Filter>Source Files</Filter>
    </ClCompile>
    <ClCompile Include="src\uksf\network\routeFactories\IFactory.hpp">
      <Filter>Header Files</Filter>
    </ClCompile>
    <ClCompile Include="src\uksf\network\routeFactories\resourceNotFound.cpp">
      <Filter>Source Files</Filter>
    </ClCompile>
    <ClCompile Include="src\uksf\network\routeFactories\resources\abstractResource.cpp">
      <Filter>Source Files</Filter>
    </ClCompile>
    <ClCompile Include="src\uksf\network\routeFactories\resources\server.cpp">
      <Filter>Source Files</Filter>
    </ClCompile>
    <ClCompile Include="src\uksf\network\routeFactories\resources\stop.cpp">
      <Filter>Source Files</Filter>
    </ClCompile>
    <ClCompile Include="src\uksf\network\router.cpp">
      <Filter>Source Files</Filter>
    </ClCompile>
    <ClCompile Include="src\uksf\uksf.cpp">
      <Filter>Source Files</Filter>
    </ClCompile>
  </ItemGroup>
</Project>
